
Microsoft Visual Studio Solution File, Format Version 12.00
# Visual Studio Version 16
VisualStudioVersion = 16.0.31424.327
MinimumVisualStudioVersion = 10.0.40219.1
Project("{FAE04EC0-301F-11D3-BF4B-00C04F79EFBC}") = "Mp3Mangler", "Mp3Mangler\Mp3Mangler.csproj", "{A87C821F-EA6F-4985-9364-0294F31AD53B}"
EndProject
Project("{FAE04EC0-301F-11D3-BF4B-00C04F79EFBC}") = "Mp3ManglerTest", "Mp3ManglerTest\Mp3ManglerTest.csproj", "{DEB0A706-9F74-4A7D-9D0F-19457D750DB7}"
EndProject
Project("{FAE04EC0-301F-11D3-BF4B-00C04F79EFBC}") = "FileSorter9000", "FileSorter9000\FileSorter9000.csproj", "{C88B778C-97FC-4BF1-9191-CCEB338235DF}"
EndProject
Project("{FAE04EC0-301F-11D3-BF4B-00C04F79EFBC}") = "FileSorter9000.Tests.WinAppDriver", "FileSorter9000.Tests.WinAppDriver\FileSorter9000.Tests.WinAppDriver.csproj", "{9BEE1F63-BFEB-444B-A6C1-980CB522F15C}"
EndProject
Project("{9A19103F-16F7-4668-BE54-9A1E7A4F7556}") = "FileSorter9000.Core", "FileSorter9000.Core\FileSorter9000.Core.csproj", "{C0ABCA00-B786-4560-B0A8-EC0A7C3C4D39}"
EndProject
Project("{FAE04EC0-301F-11D3-BF4B-00C04F79EFBC}") = "AiSorter", "AiSorter\AiSorter.csproj", "{8F538DD8-A3F9-458D-992F-1C278CEA1AC2}"
EndProject
Project("{2150E333-8FDC-42A3-9474-1A3956D46DE8}") = "Solution Items", "Solution Items", "{F7F5A6DA-4A91-4EDE-A9AB-6FD07C8E69B0}"
	ProjectSection(SolutionItems) = preProject
		README.md = README.md
	EndProjectSection
EndProject
Global
	GlobalSection(SolutionConfigurationPlatforms) = preSolution
		Debug|Any CPU = Debug|Any CPU
		Debug|ARM = Debug|ARM
		Debug|ARM64 = Debug|ARM64
		Debug|x64 = Debug|x64
		Debug|x86 = Debug|x86
		Release|Any CPU = Release|Any CPU
		Release|ARM = Release|ARM
		Release|ARM64 = Release|ARM64
		Release|x64 = Release|x64
		Release|x86 = Release|x86
	EndGlobalSection
	GlobalSection(ProjectConfigurationPlatforms) = postSolution
		{A87C821F-EA6F-4985-9364-0294F31AD53B}.Debug|Any CPU.ActiveCfg = Debug|Any CPU
		{A87C821F-EA6F-4985-9364-0294F31AD53B}.Debug|Any CPU.Build.0 = Debug|Any CPU
		{A87C821F-EA6F-4985-9364-0294F31AD53B}.Debug|ARM.ActiveCfg = Debug|Any CPU
		{A87C821F-EA6F-4985-9364-0294F31AD53B}.Debug|ARM.Build.0 = Debug|Any CPU
		{A87C821F-EA6F-4985-9364-0294F31AD53B}.Debug|ARM64.ActiveCfg = Debug|Any CPU
		{A87C821F-EA6F-4985-9364-0294F31AD53B}.Debug|ARM64.Build.0 = Debug|Any CPU
		{A87C821F-EA6F-4985-9364-0294F31AD53B}.Debug|x64.ActiveCfg = Debug|Any CPU
		{A87C821F-EA6F-4985-9364-0294F31AD53B}.Debug|x64.Build.0 = Debug|Any CPU
		{A87C821F-EA6F-4985-9364-0294F31AD53B}.Debug|x86.ActiveCfg = Debug|Any CPU
		{A87C821F-EA6F-4985-9364-0294F31AD53B}.Debug|x86.Build.0 = Debug|Any CPU
		{A87C821F-EA6F-4985-9364-0294F31AD53B}.Release|Any CPU.ActiveCfg = Release|Any CPU
		{A87C821F-EA6F-4985-9364-0294F31AD53B}.Release|Any CPU.Build.0 = Release|Any CPU
		{A87C821F-EA6F-4985-9364-0294F31AD53B}.Release|ARM.ActiveCfg = Release|Any CPU
		{A87C821F-EA6F-4985-9364-0294F31AD53B}.Release|ARM.Build.0 = Release|Any CPU
		{A87C821F-EA6F-4985-9364-0294F31AD53B}.Release|ARM64.ActiveCfg = Release|Any CPU
		{A87C821F-EA6F-4985-9364-0294F31AD53B}.Release|ARM64.Build.0 = Release|Any CPU
		{A87C821F-EA6F-4985-9364-0294F31AD53B}.Release|x64.ActiveCfg = Release|Any CPU
		{A87C821F-EA6F-4985-9364-0294F31AD53B}.Release|x64.Build.0 = Release|Any CPU
		{A87C821F-EA6F-4985-9364-0294F31AD53B}.Release|x86.ActiveCfg = Release|Any CPU
		{A87C821F-EA6F-4985-9364-0294F31AD53B}.Release|x86.Build.0 = Release|Any CPU
		{DEB0A706-9F74-4A7D-9D0F-19457D750DB7}.Debug|Any CPU.ActiveCfg = Debug|Any CPU
		{DEB0A706-9F74-4A7D-9D0F-19457D750DB7}.Debug|Any CPU.Build.0 = Debug|Any CPU
		{DEB0A706-9F74-4A7D-9D0F-19457D750DB7}.Debug|ARM.ActiveCfg = Debug|Any CPU
		{DEB0A706-9F74-4A7D-9D0F-19457D750DB7}.Debug|ARM.Build.0 = Debug|Any CPU
		{DEB0A706-9F74-4A7D-9D0F-19457D750DB7}.Debug|ARM64.ActiveCfg = Debug|Any CPU
		{DEB0A706-9F74-4A7D-9D0F-19457D750DB7}.Debug|ARM64.Build.0 = Debug|Any CPU
		{DEB0A706-9F74-4A7D-9D0F-19457D750DB7}.Debug|x64.ActiveCfg = Debug|Any CPU
		{DEB0A706-9F74-4A7D-9D0F-19457D750DB7}.Debug|x64.Build.0 = Debug|Any CPU
		{DEB0A706-9F74-4A7D-9D0F-19457D750DB7}.Debug|x86.ActiveCfg = Debug|Any CPU
		{DEB0A706-9F74-4A7D-9D0F-19457D750DB7}.Debug|x86.Build.0 = Debug|Any CPU
		{DEB0A706-9F74-4A7D-9D0F-19457D750DB7}.Release|Any CPU.ActiveCfg = Release|Any CPU
		{DEB0A706-9F74-4A7D-9D0F-19457D750DB7}.Release|Any CPU.Build.0 = Release|Any CPU
		{DEB0A706-9F74-4A7D-9D0F-19457D750DB7}.Release|ARM.ActiveCfg = Release|Any CPU
		{DEB0A706-9F74-4A7D-9D0F-19457D750DB7}.Release|ARM.Build.0 = Release|Any CPU
		{DEB0A706-9F74-4A7D-9D0F-19457D750DB7}.Release|ARM64.ActiveCfg = Release|Any CPU
		{DEB0A706-9F74-4A7D-9D0F-19457D750DB7}.Release|ARM64.Build.0 = Release|Any CPU
		{DEB0A706-9F74-4A7D-9D0F-19457D750DB7}.Release|x64.ActiveCfg = Release|Any CPU
		{DEB0A706-9F74-4A7D-9D0F-19457D750DB7}.Release|x64.Build.0 = Release|Any CPU
		{DEB0A706-9F74-4A7D-9D0F-19457D750DB7}.Release|x86.ActiveCfg = Release|Any CPU
		{DEB0A706-9F74-4A7D-9D0F-19457D750DB7}.Release|x86.Build.0 = Release|Any CPU
		{C88B778C-97FC-4BF1-9191-CCEB338235DF}.Debug|Any CPU.ActiveCfg = Debug|x64
		{C88B778C-97FC-4BF1-9191-CCEB338235DF}.Debug|Any CPU.Build.0 = Debug|x64
		{C88B778C-97FC-4BF1-9191-CCEB338235DF}.Debug|Any CPU.Deploy.0 = Debug|x64
		{C88B778C-97FC-4BF1-9191-CCEB338235DF}.Debug|ARM.ActiveCfg = Debug|ARM
		{C88B778C-97FC-4BF1-9191-CCEB338235DF}.Debug|ARM.Build.0 = Debug|ARM
		{C88B778C-97FC-4BF1-9191-CCEB338235DF}.Debug|ARM.Deploy.0 = Debug|ARM
		{C88B778C-97FC-4BF1-9191-CCEB338235DF}.Debug|ARM64.ActiveCfg = Debug|ARM64
		{C88B778C-97FC-4BF1-9191-CCEB338235DF}.Debug|ARM64.Build.0 = Debug|ARM64
		{C88B778C-97FC-4BF1-9191-CCEB338235DF}.Debug|ARM64.Deploy.0 = Debug|ARM64
		{C88B778C-97FC-4BF1-9191-CCEB338235DF}.Debug|x64.ActiveCfg = Debug|x64
		{C88B778C-97FC-4BF1-9191-CCEB338235DF}.Debug|x64.Build.0 = Debug|x64
		{C88B778C-97FC-4BF1-9191-CCEB338235DF}.Debug|x64.Deploy.0 = Debug|x64
		{C88B778C-97FC-4BF1-9191-CCEB338235DF}.Debug|x86.ActiveCfg = Debug|x86
		{C88B778C-97FC-4BF1-9191-CCEB338235DF}.Debug|x86.Build.0 = Debug|x86
		{C88B778C-97FC-4BF1-9191-CCEB338235DF}.Debug|x86.Deploy.0 = Debug|x86
		{C88B778C-97FC-4BF1-9191-CCEB338235DF}.Release|Any CPU.ActiveCfg = Release|x86
		{C88B778C-97FC-4BF1-9191-CCEB338235DF}.Release|ARM.ActiveCfg = Release|ARM
		{C88B778C-97FC-4BF1-9191-CCEB338235DF}.Release|ARM.Build.0 = Release|ARM
		{C88B778C-97FC-4BF1-9191-CCEB338235DF}.Release|ARM.Deploy.0 = Release|ARM
		{C88B778C-97FC-4BF1-9191-CCEB338235DF}.Release|ARM64.ActiveCfg = Release|ARM64
		{C88B778C-97FC-4BF1-9191-CCEB338235DF}.Release|ARM64.Build.0 = Release|ARM64
		{C88B778C-97FC-4BF1-9191-CCEB338235DF}.Release|ARM64.Deploy.0 = Release|ARM64
		{C88B778C-97FC-4BF1-9191-CCEB338235DF}.Release|x64.ActiveCfg = Release|x64
		{C88B778C-97FC-4BF1-9191-CCEB338235DF}.Release|x64.Build.0 = Release|x64
		{C88B778C-97FC-4BF1-9191-CCEB338235DF}.Release|x64.Deploy.0 = Release|x64
		{C88B778C-97FC-4BF1-9191-CCEB338235DF}.Release|x86.ActiveCfg = Release|x86
		{C88B778C-97FC-4BF1-9191-CCEB338235DF}.Release|x86.Build.0 = Release|x86
		{C88B778C-97FC-4BF1-9191-CCEB338235DF}.Release|x86.Deploy.0 = Release|x86
		{9BEE1F63-BFEB-444B-A6C1-980CB522F15C}.Debug|Any CPU.ActiveCfg = Debug|Any CPU
		{9BEE1F63-BFEB-444B-A6C1-980CB522F15C}.Debug|Any CPU.Build.0 = Debug|Any CPU
		{9BEE1F63-BFEB-444B-A6C1-980CB522F15C}.Debug|ARM.ActiveCfg = Debug|Any CPU
		{9BEE1F63-BFEB-444B-A6C1-980CB522F15C}.Debug|ARM.Build.0 = Debug|Any CPU
		{9BEE1F63-BFEB-444B-A6C1-980CB522F15C}.Debug|ARM64.ActiveCfg = Debug|Any CPU
		{9BEE1F63-BFEB-444B-A6C1-980CB522F15C}.Debug|ARM64.Build.0 = Debug|Any CPU
		{9BEE1F63-BFEB-444B-A6C1-980CB522F15C}.Debug|x64.ActiveCfg = Debug|Any CPU
		{9BEE1F63-BFEB-444B-A6C1-980CB522F15C}.Debug|x64.Build.0 = Debug|Any CPU
		{9BEE1F63-BFEB-444B-A6C1-980CB522F15C}.Debug|x86.ActiveCfg = Debug|Any CPU
		{9BEE1F63-BFEB-444B-A6C1-980CB522F15C}.Debug|x86.Build.0 = Debug|Any CPU
		{9BEE1F63-BFEB-444B-A6C1-980CB522F15C}.Release|Any CPU.ActiveCfg = Release|Any CPU
		{9BEE1F63-BFEB-444B-A6C1-980CB522F15C}.Release|Any CPU.Build.0 = Release|Any CPU
		{9BEE1F63-BFEB-444B-A6C1-980CB522F15C}.Release|ARM.ActiveCfg = Release|Any CPU
		{9BEE1F63-BFEB-444B-A6C1-980CB522F15C}.Release|ARM.Build.0 = Release|Any CPU
		{9BEE1F63-BFEB-444B-A6C1-980CB522F15C}.Release|ARM64.ActiveCfg = Release|Any CPU
		{9BEE1F63-BFEB-444B-A6C1-980CB522F15C}.Release|ARM64.Build.0 = Release|Any CPU
		{9BEE1F63-BFEB-444B-A6C1-980CB522F15C}.Release|x64.ActiveCfg = Release|Any CPU
		{9BEE1F63-BFEB-444B-A6C1-980CB522F15C}.Release|x64.Build.0 = Release|Any CPU
		{9BEE1F63-BFEB-444B-A6C1-980CB522F15C}.Release|x86.ActiveCfg = Release|Any CPU
		{9BEE1F63-BFEB-444B-A6C1-980CB522F15C}.Release|x86.Build.0 = Release|Any CPU
		{C0ABCA00-B786-4560-B0A8-EC0A7C3C4D39}.Debug|Any CPU.ActiveCfg = Debug|Any CPU
		{C0ABCA00-B786-4560-B0A8-EC0A7C3C4D39}.Debug|Any CPU.Build.0 = Debug|Any CPU
		{C0ABCA00-B786-4560-B0A8-EC0A7C3C4D39}.Debug|ARM.ActiveCfg = Debug|Any CPU
		{C0ABCA00-B786-4560-B0A8-EC0A7C3C4D39}.Debug|ARM.Build.0 = Debug|Any CPU
		{C0ABCA00-B786-4560-B0A8-EC0A7C3C4D39}.Debug|ARM64.ActiveCfg = Debug|Any CPU
		{C0ABCA00-B786-4560-B0A8-EC0A7C3C4D39}.Debug|ARM64.Build.0 = Debug|Any CPU
		{C0ABCA00-B786-4560-B0A8-EC0A7C3C4D39}.Debug|x64.ActiveCfg = Debug|Any CPU
		{C0ABCA00-B786-4560-B0A8-EC0A7C3C4D39}.Debug|x64.Build.0 = Debug|Any CPU
		{C0ABCA00-B786-4560-B0A8-EC0A7C3C4D39}.Debug|x86.ActiveCfg = Debug|Any CPU
		{C0ABCA00-B786-4560-B0A8-EC0A7C3C4D39}.Debug|x86.Build.0 = Debug|Any CPU
		{C0ABCA00-B786-4560-B0A8-EC0A7C3C4D39}.Release|Any CPU.ActiveCfg = Release|Any CPU
		{C0ABCA00-B786-4560-B0A8-EC0A7C3C4D39}.Release|Any CPU.Build.0 = Release|Any CPU
		{C0ABCA00-B786-4560-B0A8-EC0A7C3C4D39}.Release|ARM.ActiveCfg = Release|Any CPU
		{C0ABCA00-B786-4560-B0A8-EC0A7C3C4D39}.Release|ARM.Build.0 = Release|Any CPU
		{C0ABCA00-B786-4560-B0A8-EC0A7C3C4D39}.Release|ARM64.ActiveCfg = Release|Any CPU
		{C0ABCA00-B786-4560-B0A8-EC0A7C3C4D39}.Release|ARM64.Build.0 = Release|Any CPU
		{C0ABCA00-B786-4560-B0A8-EC0A7C3C4D39}.Release|x64.ActiveCfg = Release|Any CPU
		{C0ABCA00-B786-4560-B0A8-EC0A7C3C4D39}.Release|x64.Build.0 = Release|Any CPU
		{C0ABCA00-B786-4560-B0A8-EC0A7C3C4D39}.Release|x86.ActiveCfg = Release|Any CPU
		{C0ABCA00-B786-4560-B0A8-EC0A7C3C4D39}.Release|x86.Build.0 = Release|Any CPU
		{8F538DD8-A3F9-458D-992F-1C278CEA1AC2}.Debug|Any CPU.ActiveCfg = Debug|Any CPU
		{8F538DD8-A3F9-458D-992F-1C278CEA1AC2}.Debug|Any CPU.Build.0 = Debug|Any CPU
		{8F538DD8-A3F9-458D-992F-1C278CEA1AC2}.Debug|ARM.ActiveCfg = Debug|Any CPU
		{8F538DD8-A3F9-458D-992F-1C278CEA1AC2}.Debug|ARM.Build.0 = Debug|Any CPU
		{8F538DD8-A3F9-458D-992F-1C278CEA1AC2}.Debug|ARM64.ActiveCfg = Debug|Any CPU
		{8F538DD8-A3F9-458D-992F-1C278CEA1AC2}.Debug|ARM64.Build.0 = Debug|Any CPU
		{8F538DD8-A3F9-458D-992F-1C278CEA1AC2}.Debug|x64.ActiveCfg = Debug|Any CPU
		{8F538DD8-A3F9-458D-992F-1C278CEA1AC2}.Debug|x64.Build.0 = Debug|Any CPU
		{8F538DD8-A3F9-458D-992F-1C278CEA1AC2}.Debug|x86.ActiveCfg = Debug|Any CPU
		{8F538DD8-A3F9-458D-992F-1C278CEA1AC2}.Debug|x86.Build.0 = Debug|Any CPU
		{8F538DD8-A3F9-458D-992F-1C278CEA1AC2}.Release|Any CPU.ActiveCfg = Release|Any CPU
		{8F538DD8-A3F9-458D-992F-1C278CEA1AC2}.Release|Any CPU.Build.0 = Release|Any CPU
		{8F538DD8-A3F9-458D-992F-1C278CEA1AC2}.Release|ARM.ActiveCfg = Release|Any CPU
		{8F538DD8-A3F9-458D-992F-1C278CEA1AC2}.Release|ARM.Build.0 = Release|Any CPU
		{8F538DD8-A3F9-458D-992F-1C278CEA1AC2}.Release|ARM64.ActiveCfg = Release|Any CPU
		{8F538DD8-A3F9-458D-992F-1C278CEA1AC2}.Release|ARM64.Build.0 = Release|Any CPU
		{8F538DD8-A3F9-458D-992F-1C278CEA1AC2}.Release|x64.ActiveCfg = Release|Any CPU
		{8F538DD8-A3F9-458D-992F-1C278CEA1AC2}.Release|x64.Build.0 = Release|Any CPU
		{8F538DD8-A3F9-458D-992F-1C278CEA1AC2}.Release|x86.ActiveCfg = Release|Any CPU
		{8F538DD8-A3F9-458D-992F-1C278CEA1AC2}.Release|x86.Build.0 = Release|Any CPU
	EndGlobalSection
	GlobalSection(SolutionProperties) = preSolution
		HideSolutionNode = FALSE
	EndGlobalSection
	GlobalSection(ExtensibilityGlobals) = postSolution
		SolutionGuid = {B0C9754A-8A6E-439B-BA64-EB1F72817664}
	EndGlobalSection
EndGlobal
